// !$*UTF8*$!
{
	archiveVersion = 1;
	classes = {
	};
	objectVersion = 46;
	objects = {

/* Begin PBXBuildFile section */
		210EFF6682FC102FD1DBFA69 /* libPods-BugfenderSDK-iOS-swift-sample.a in Frameworks */ = {isa = PBXBuildFile; fileRef = 1FF2A0EF80B8FDFD01D2C9B5 /* libPods-BugfenderSDK-iOS-swift-sample.a */; };
		42383AB51AFBBEFE006AF7D7 /* Images.xcassets in Resources */ = {isa = PBXBuildFile; fileRef = 42383AB41AFBBEFE006AF7D7 /* Images.xcassets */; };
		429DE7A51AFBC64200CC608D /* Settings.bundle in Resources */ = {isa = PBXBuildFile; fileRef = 429DE7A41AFBC64200CC608D /* Settings.bundle */; };
		42F393421AFB944C00E50204 /* AppDelegate.swift in Sources */ = {isa = PBXBuildFile; fileRef = 42F393411AFB944C00E50204 /* AppDelegate.swift */; };
		42F393441AFB944C00E50204 /* ViewController.swift in Sources */ = {isa = PBXBuildFile; fileRef = 42F393431AFB944C00E50204 /* ViewController.swift */; };
		42F3934C1AFB944C00E50204 /* LaunchScreen.xib in Resources */ = {isa = PBXBuildFile; fileRef = 42F3934A1AFB944C00E50204 /* LaunchScreen.xib */; };
		42F393581AFB944C00E50204 /* Bugfender_sampleTests.swift in Sources */ = {isa = PBXBuildFile; fileRef = 42F393571AFB944C00E50204 /* Bugfender_sampleTests.swift */; };
		42F393621AFB947C00E50204 /* Main.storyboard in Resources */ = {isa = PBXBuildFile; fileRef = 42F393611AFB947C00E50204 /* Main.storyboard */; };
		42F7F77C1AFBB015008D372E /* BugfenderSwift.swift in Sources */ = {isa = PBXBuildFile; fileRef = 42F7F77B1AFBB015008D372E /* BugfenderSwift.swift */; };
/* End PBXBuildFile section */

/* Begin PBXContainerItemProxy section */
		42F393521AFB944C00E50204 /* PBXContainerItemProxy */ = {
			isa = PBXContainerItemProxy;
			containerPortal = 42F393341AFB944C00E50204 /* Project object */;
			proxyType = 1;
			remoteGlobalIDString = 42F3933B1AFB944C00E50204;
			remoteInfo = "BugfenderSDK-iOS-swift-sample";
		};
/* End PBXContainerItemProxy section */

/* Begin PBXFileReference section */
		0BACAFC7C5F3080A7216AE1B /* Pods-BugfenderSDK-iOS-swift-sample.release.xcconfig */ = {isa = PBXFileReference; includeInIndex = 1; lastKnownFileType = text.xcconfig; name = "Pods-BugfenderSDK-iOS-swift-sample.release.xcconfig"; path = "Pods/Target Support Files/Pods-BugfenderSDK-iOS-swift-sample/Pods-BugfenderSDK-iOS-swift-sample.release.xcconfig"; sourceTree = "<group>"; };
		1FF2A0EF80B8FDFD01D2C9B5 /* libPods-BugfenderSDK-iOS-swift-sample.a */ = {isa = PBXFileReference; explicitFileType = archive.ar; includeInIndex = 0; path = "libPods-BugfenderSDK-iOS-swift-sample.a"; sourceTree = BUILT_PRODUCTS_DIR; };
		42383AB41AFBBEFE006AF7D7 /* Images.xcassets */ = {isa = PBXFileReference; lastKnownFileType = folder.assetcatalog; path = Images.xcassets; sourceTree = "<group>"; };
		429DE7A41AFBC64200CC608D /* Settings.bundle */ = {isa = PBXFileReference; lastKnownFileType = "wrapper.plug-in"; path = Settings.bundle; sourceTree = "<group>"; };
		42F3933C1AFB944C00E50204 /* BugfenderSDK-iOS-swift-sample.app */ = {isa = PBXFileReference; explicitFileType = wrapper.application; includeInIndex = 0; path = "BugfenderSDK-iOS-swift-sample.app"; sourceTree = BUILT_PRODUCTS_DIR; };
		42F393401AFB944C00E50204 /* Info.plist */ = {isa = PBXFileReference; lastKnownFileType = text.plist.xml; path = Info.plist; sourceTree = "<group>"; };
		42F393411AFB944C00E50204 /* AppDelegate.swift */ = {isa = PBXFileReference; lastKnownFileType = sourcecode.swift; path = AppDelegate.swift; sourceTree = "<group>"; };
		42F393431AFB944C00E50204 /* ViewController.swift */ = {isa = PBXFileReference; lastKnownFileType = sourcecode.swift; path = ViewController.swift; sourceTree = "<group>"; };
		42F3934B1AFB944C00E50204 /* Base */ = {isa = PBXFileReference; lastKnownFileType = file.xib; name = Base; path = Base.lproj/LaunchScreen.xib; sourceTree = "<group>"; };
		42F393511AFB944C00E50204 /* BugfenderSDK-iOS-swift-sampleTests.xctest */ = {isa = PBXFileReference; explicitFileType = wrapper.cfbundle; includeInIndex = 0; path = "BugfenderSDK-iOS-swift-sampleTests.xctest"; sourceTree = BUILT_PRODUCTS_DIR; };
		42F393561AFB944C00E50204 /* Info.plist */ = {isa = PBXFileReference; lastKnownFileType = text.plist.xml; path = Info.plist; sourceTree = "<group>"; };
		42F393571AFB944C00E50204 /* Bugfender_sampleTests.swift */ = {isa = PBXFileReference; lastKnownFileType = sourcecode.swift; path = Bugfender_sampleTests.swift; sourceTree = "<group>"; };
		42F393611AFB947C00E50204 /* Main.storyboard */ = {isa = PBXFileReference; fileEncoding = 4; lastKnownFileType = file.storyboard; path = Main.storyboard; sourceTree = "<group>"; };
		42F393631AFB980000E50204 /* BugfenderSDK-iOS-swift-sample-Bridging-Header.h */ = {isa = PBXFileReference; lastKnownFileType = sourcecode.c.h; path = "BugfenderSDK-iOS-swift-sample-Bridging-Header.h"; sourceTree = "<group>"; };
		42F7F77B1AFBB015008D372E /* BugfenderSwift.swift */ = {isa = PBXFileReference; fileEncoding = 4; lastKnownFileType = sourcecode.swift; path = BugfenderSwift.swift; sourceTree = "<group>"; };
		7FB9F000769A793858BD1F74 /* Pods-BugfenderSDK-iOS-swift-sample.debug.xcconfig */ = {isa = PBXFileReference; includeInIndex = 1; lastKnownFileType = text.xcconfig; name = "Pods-BugfenderSDK-iOS-swift-sample.debug.xcconfig"; path = "Pods/Target Support Files/Pods-BugfenderSDK-iOS-swift-sample/Pods-BugfenderSDK-iOS-swift-sample.debug.xcconfig"; sourceTree = "<group>"; };
/* End PBXFileReference section */

/* Begin PBXFrameworksBuildPhase section */
		42F393391AFB944C00E50204 /* Frameworks */ = {
			isa = PBXFrameworksBuildPhase;
			buildActionMask = 2147483647;
			files = (
				210EFF6682FC102FD1DBFA69 /* libPods-BugfenderSDK-iOS-swift-sample.a in Frameworks */,
			);
			runOnlyForDeploymentPostprocessing = 0;
		};
		42F3934E1AFB944C00E50204 /* Frameworks */ = {
			isa = PBXFrameworksBuildPhase;
			buildActionMask = 2147483647;
			files = (
			);
			runOnlyForDeploymentPostprocessing = 0;
		};
/* End PBXFrameworksBuildPhase section */

/* Begin PBXGroup section */
		42F393331AFB944C00E50204 = {
			isa = PBXGroup;
			children = (
				42F3933E1AFB944C00E50204 /* BugfenderSDK-iOS-swift-sample */,
				42F393541AFB944C00E50204 /* BugfenderSDK-iOS-swift-sampleTests */,
				42F3933D1AFB944C00E50204 /* Products */,
				F60BAA47E9F1DE395F763290 /* Pods */,
				A3D379CE3A31C6A001499F7B /* Frameworks */,
			);
			sourceTree = "<group>";
		};
		42F3933D1AFB944C00E50204 /* Products */ = {
			isa = PBXGroup;
			children = (
				42F3933C1AFB944C00E50204 /* BugfenderSDK-iOS-swift-sample.app */,
				42F393511AFB944C00E50204 /* BugfenderSDK-iOS-swift-sampleTests.xctest */,
			);
			name = Products;
			sourceTree = "<group>";
		};
		42F3933E1AFB944C00E50204 /* BugfenderSDK-iOS-swift-sample */ = {
			isa = PBXGroup;
			children = (
				42F393411AFB944C00E50204 /* AppDelegate.swift */,
				42F393431AFB944C00E50204 /* ViewController.swift */,
				42F393611AFB947C00E50204 /* Main.storyboard */,
				42F3934A1AFB944C00E50204 /* LaunchScreen.xib */,
				42383AB41AFBBEFE006AF7D7 /* Images.xcassets */,
				42F3933F1AFB944C00E50204 /* Supporting Files */,
				42F393631AFB980000E50204 /* BugfenderSDK-iOS-swift-sample-Bridging-Header.h */,
				42F7F77B1AFBB015008D372E /* BugfenderSwift.swift */,
			);
			path = "BugfenderSDK-iOS-swift-sample";
			sourceTree = "<group>";
		};
		42F3933F1AFB944C00E50204 /* Supporting Files */ = {
			isa = PBXGroup;
			children = (
				429DE7A41AFBC64200CC608D /* Settings.bundle */,
				42F393401AFB944C00E50204 /* Info.plist */,
			);
			name = "Supporting Files";
			sourceTree = "<group>";
		};
		42F393541AFB944C00E50204 /* BugfenderSDK-iOS-swift-sampleTests */ = {
			isa = PBXGroup;
			children = (
				42F393571AFB944C00E50204 /* Bugfender_sampleTests.swift */,
				42F393551AFB944C00E50204 /* Supporting Files */,
			);
			path = "BugfenderSDK-iOS-swift-sampleTests";
			sourceTree = "<group>";
		};
		42F393551AFB944C00E50204 /* Supporting Files */ = {
			isa = PBXGroup;
			children = (
				42F393561AFB944C00E50204 /* Info.plist */,
			);
			name = "Supporting Files";
			sourceTree = "<group>";
		};
		A3D379CE3A31C6A001499F7B /* Frameworks */ = {
			isa = PBXGroup;
			children = (
				1FF2A0EF80B8FDFD01D2C9B5 /* libPods-BugfenderSDK-iOS-swift-sample.a */,
			);
			name = Frameworks;
			sourceTree = "<group>";
		};
		F60BAA47E9F1DE395F763290 /* Pods */ = {
			isa = PBXGroup;
			children = (
				7FB9F000769A793858BD1F74 /* Pods-BugfenderSDK-iOS-swift-sample.debug.xcconfig */,
				0BACAFC7C5F3080A7216AE1B /* Pods-BugfenderSDK-iOS-swift-sample.release.xcconfig */,
			);
			name = Pods;
			sourceTree = "<group>";
		};
/* End PBXGroup section */

/* Begin PBXNativeTarget section */
		42F3933B1AFB944C00E50204 /* BugfenderSDK-iOS-swift-sample */ = {
			isa = PBXNativeTarget;
			buildConfigurationList = 42F3935B1AFB944C00E50204 /* Build configuration list for PBXNativeTarget "BugfenderSDK-iOS-swift-sample" */;
			buildPhases = (
				0B1404D4437EE7108B6EE8CD /* [CP] Check Pods Manifest.lock */,
				42F393381AFB944C00E50204 /* Sources */,
				42F393391AFB944C00E50204 /* Frameworks */,
				42F3933A1AFB944C00E50204 /* Resources */,
				E9F18CE157EE9A1DC798BA31 /* [CP] Embed Pods Frameworks */,
				157C982649CDC213E1F4970A /* [CP] Copy Pods Resources */,
			);
			buildRules = (
			);
			dependencies = (
			);
			name = "BugfenderSDK-iOS-swift-sample";
			productName = "BugfenderSDK-iOS-swift-sample";
			productReference = 42F3933C1AFB944C00E50204 /* BugfenderSDK-iOS-swift-sample.app */;
			productType = "com.apple.product-type.application";
		};
		42F393501AFB944C00E50204 /* BugfenderSDK-iOS-swift-sampleTests */ = {
			isa = PBXNativeTarget;
			buildConfigurationList = 42F3935E1AFB944C00E50204 /* Build configuration list for PBXNativeTarget "BugfenderSDK-iOS-swift-sampleTests" */;
			buildPhases = (
				42F3934D1AFB944C00E50204 /* Sources */,
				42F3934E1AFB944C00E50204 /* Frameworks */,
				42F3934F1AFB944C00E50204 /* Resources */,
			);
			buildRules = (
			);
			dependencies = (
				42F393531AFB944C00E50204 /* PBXTargetDependency */,
			);
			name = "BugfenderSDK-iOS-swift-sampleTests";
			productName = "BugfenderSDK-iOS-swift-sampleTests";
			productReference = 42F393511AFB944C00E50204 /* BugfenderSDK-iOS-swift-sampleTests.xctest */;
			productType = "com.apple.product-type.bundle.unit-test";
		};
/* End PBXNativeTarget section */

/* Begin PBXProject section */
		42F393341AFB944C00E50204 /* Project object */ = {
			isa = PBXProject;
			attributes = {
				LastSwiftMigration = 0700;
				LastSwiftUpdateCheck = 0700;
				LastUpgradeCheck = 0700;
				ORGANIZATIONNAME = Bugfender;
				TargetAttributes = {
					42F3933B1AFB944C00E50204 = {
						CreatedOnToolsVersion = 6.3.1;
					};
					42F393501AFB944C00E50204 = {
						CreatedOnToolsVersion = 6.3.1;
						TestTargetID = 42F3933B1AFB944C00E50204;
					};
				};
			};
			buildConfigurationList = 42F393371AFB944C00E50204 /* Build configuration list for PBXProject "BugfenderSDK-iOS-swift-sample" */;
			compatibilityVersion = "Xcode 3.2";
			developmentRegion = English;
			hasScannedForEncodings = 0;
			knownRegions = (
				en,
				Base,
			);
			mainGroup = 42F393331AFB944C00E50204;
			productRefGroup = 42F3933D1AFB944C00E50204 /* Products */;
			projectDirPath = "";
			projectRoot = "";
			targets = (
				42F3933B1AFB944C00E50204 /* BugfenderSDK-iOS-swift-sample */,
				42F393501AFB944C00E50204 /* BugfenderSDK-iOS-swift-sampleTests */,
			);
		};
/* End PBXProject section */

/* Begin PBXResourcesBuildPhase section */
		42F3933A1AFB944C00E50204 /* Resources */ = {
			isa = PBXResourcesBuildPhase;
			buildActionMask = 2147483647;
			files = (
				429DE7A51AFBC64200CC608D /* Settings.bundle in Resources */,
				42383AB51AFBBEFE006AF7D7 /* Images.xcassets in Resources */,
				42F393621AFB947C00E50204 /* Main.storyboard in Resources */,
				42F3934C1AFB944C00E50204 /* LaunchScreen.xib in Resources */,
			);
			runOnlyForDeploymentPostprocessing = 0;
		};
		42F3934F1AFB944C00E50204 /* Resources */ = {
			isa = PBXResourcesBuildPhase;
			buildActionMask = 2147483647;
			files = (
			);
			runOnlyForDeploymentPostprocessing = 0;
		};
/* End PBXResourcesBuildPhase section */

/* Begin PBXShellScriptBuildPhase section */
		0B1404D4437EE7108B6EE8CD /* [CP] Check Pods Manifest.lock */ = {
			isa = PBXShellScriptBuildPhase;
			buildActionMask = 2147483647;
			files = (
			);
			inputPaths = (
			);
			name = "[CP] Check Pods Manifest.lock";
			outputPaths = (
			);
			runOnlyForDeploymentPostprocessing = 0;
			shellPath = /bin/sh;
			shellScript = "diff \"${PODS_ROOT}/../Podfile.lock\" \"${PODS_ROOT}/Manifest.lock\" > /dev/null\nif [[ $? != 0 ]] ; then\n    cat << EOM\nerror: The sandbox is not in sync with the Podfile.lock. Run 'pod install' or update your CocoaPods installation.\nEOM\n    exit 1\nfi\n";
			showEnvVarsInLog = 0;
		};
		157C982649CDC213E1F4970A /* [CP] Copy Pods Resources */ = {
			isa = PBXShellScriptBuildPhase;
			buildActionMask = 2147483647;
			files = (
			);
			inputPaths = (
			);
			name = "[CP] Copy Pods Resources";
			outputPaths = (
			);
			runOnlyForDeploymentPostprocessing = 0;
			shellPath = /bin/sh;
			shellScript = "\"${SRCROOT}/Pods/Target Support Files/Pods-BugfenderSDK-iOS-swift-sample/Pods-BugfenderSDK-iOS-swift-sample-resources.sh\"\n";
			showEnvVarsInLog = 0;
		};
		E9F18CE157EE9A1DC798BA31 /* [CP] Embed Pods Frameworks */ = {
			isa = PBXShellScriptBuildPhase;
			buildActionMask = 2147483647;
			files = (
			);
			inputPaths = (
			);
			name = "[CP] Embed Pods Frameworks";
			outputPaths = (
			);
			runOnlyForDeploymentPostprocessing = 0;
			shellPath = /bin/sh;
			shellScript = "\"${SRCROOT}/Pods/Target Support Files/Pods-BugfenderSDK-iOS-swift-sample/Pods-BugfenderSDK-iOS-swift-sample-frameworks.sh\"\n";
			showEnvVarsInLog = 0;
		};
/* End PBXShellScriptBuildPhase section */

/* Begin PBXSourcesBuildPhase section */
		42F393381AFB944C00E50204 /* Sources */ = {
			isa = PBXSourcesBuildPhase;
			buildActionMask = 2147483647;
			files = (
				42F393441AFB944C00E50204 /* ViewController.swift in Sources */,
				42F393421AFB944C00E50204 /* AppDelegate.swift in Sources */,
				42F7F77C1AFBB015008D372E /* BugfenderSwift.swift in Sources */,
			);
			runOnlyForDeploymentPostprocessing = 0;
		};
		42F3934D1AFB944C00E50204 /* Sources */ = {
			isa = PBXSourcesBuildPhase;
			buildActionMask = 2147483647;
			files = (
				42F393581AFB944C00E50204 /* Bugfender_sampleTests.swift in Sources */,
			);
			runOnlyForDeploymentPostprocessing = 0;
		};
/* End PBXSourcesBuildPhase section */

/* Begin PBXTargetDependency section */
		42F393531AFB944C00E50204 /* PBXTargetDependency */ = {
			isa = PBXTargetDependency;
			target = 42F3933B1AFB944C00E50204 /* BugfenderSDK-iOS-swift-sample */;
			targetProxy = 42F393521AFB944C00E50204 /* PBXContainerItemProxy */;
		};
/* End PBXTargetDependency section */

/* Begin PBXVariantGroup section */
		42F3934A1AFB944C00E50204 /* LaunchScreen.xib */ = {
			isa = PBXVariantGroup;
			children = (
				42F3934B1AFB944C00E50204 /* Base */,
			);
			name = LaunchScreen.xib;
			sourceTree = "<group>";
		};
/* End PBXVariantGroup section */

/* Begin XCBuildConfiguration section */
		42F393591AFB944C00E50204 /* Debug */ = {
			isa = XCBuildConfiguration;
			buildSettings = {
				ALWAYS_SEARCH_USER_PATHS = NO;
				CLANG_CXX_LANGUAGE_STANDARD = "gnu++0x";
				CLANG_CXX_LIBRARY = "libc++";
				CLANG_ENABLE_MODULES = YES;
				CLANG_ENABLE_OBJC_ARC = YES;
				CLANG_WARN_BOOL_CONVERSION = YES;
				CLANG_WARN_CONSTANT_CONVERSION = YES;
				CLANG_WARN_DIRECT_OBJC_ISA_USAGE = YES_ERROR;
				CLANG_WARN_EMPTY_BODY = YES;
				CLANG_WARN_ENUM_CONVERSION = YES;
				CLANG_WARN_INT_CONVERSION = YES;
				CLANG_WARN_OBJC_ROOT_CLASS = YES_ERROR;
				CLANG_WARN_UNREACHABLE_CODE = YES;
				CLANG_WARN__DUPLICATE_METHOD_MATCH = YES;
				"CODE_SIGN_IDENTITY[sdk=iphoneos*]" = "iPhone Developer";
				COPY_PHASE_STRIP = NO;
				DEBUG_INFORMATION_FORMAT = "dwarf-with-dsym";
				ENABLE_STRICT_OBJC_MSGSEND = YES;
				ENABLE_TESTABILITY = YES;
				GCC_C_LANGUAGE_STANDARD = gnu99;
				GCC_DYNAMIC_NO_PIC = NO;
				GCC_NO_COMMON_BLOCKS = YES;
				GCC_OPTIMIZATION_LEVEL = 0;
				GCC_PREPROCESSOR_DEFINITIONS = (
					"DEBUG=1",
					"$(inherited)",
				);
				GCC_SYMBOLS_PRIVATE_EXTERN = NO;
				GCC_WARN_64_TO_32_BIT_CONVERSION = YES;
				GCC_WARN_ABOUT_RETURN_TYPE = YES_ERROR;
				GCC_WARN_UNDECLARED_SELECTOR = YES;
				GCC_WARN_UNINITIALIZED_AUTOS = YES_AGGRESSIVE;
				GCC_WARN_UNUSED_FUNCTION = YES;
				GCC_WARN_UNUSED_VARIABLE = YES;
				IPHONEOS_DEPLOYMENT_TARGET = 8.0;
				MTL_ENABLE_DEBUG_INFO = YES;
				ONLY_ACTIVE_ARCH = YES;
				OTHER_SWIFT_FLAGS = "-DDEBUG";
				SDKROOT = iphoneos;
				SWIFT_OPTIMIZATION_LEVEL = "-Onone";
			};
			name = Debug;
		};
		42F3935A1AFB944C00E50204 /* Release */ = {
			isa = XCBuildConfiguration;
			buildSettings = {
				ALWAYS_SEARCH_USER_PATHS = NO;
				CLANG_CXX_LANGUAGE_STANDARD = "gnu++0x";
				CLANG_CXX_LIBRARY = "libc++";
				CLANG_ENABLE_MODULES = YES;
				CLANG_ENABLE_OBJC_ARC = YES;
				CLANG_WARN_BOOL_CONVERSION = YES;
				CLANG_WARN_CONSTANT_CONVERSION = YES;
				CLANG_WARN_DIRECT_OBJC_ISA_USAGE = YES_ERROR;
				CLANG_WARN_EMPTY_BODY = YES;
				CLANG_WARN_ENUM_CONVERSION = YES;
				CLANG_WARN_INT_CONVERSION = YES;
				CLANG_WARN_OBJC_ROOT_CLASS = YES_ERROR;
				CLANG_WARN_UNREACHABLE_CODE = YES;
				CLANG_WARN__DUPLICATE_METHOD_MATCH = YES;
				"CODE_SIGN_IDENTITY[sdk=iphoneos*]" = "iPhone Developer";
				COPY_PHASE_STRIP = NO;
				DEBUG_INFORMATION_FORMAT = "dwarf-with-dsym";
				ENABLE_NS_ASSERTIONS = NO;
				ENABLE_STRICT_OBJC_MSGSEND = YES;
				GCC_C_LANGUAGE_STANDARD = gnu99;
				GCC_NO_COMMON_BLOCKS = YES;
				GCC_WARN_64_TO_32_BIT_CONVERSION = YES;
				GCC_WARN_ABOUT_RETURN_TYPE = YES_ERROR;
				GCC_WARN_UNDECLARED_SELECTOR = YES;
				GCC_WARN_UNINITIALIZED_AUTOS = YES_AGGRESSIVE;
				GCC_WARN_UNUSED_FUNCTION = YES;
				GCC_WARN_UNUSED_VARIABLE = YES;
				IPHONEOS_DEPLOYMENT_TARGET = 8.0;
				MTL_ENABLE_DEBUG_INFO = NO;
				OTHER_SWIFT_FLAGS = "";
				SDKROOT = iphoneos;
				VALIDATE_PRODUCT = YES;
			};
			name = Release;
		};
		42F3935C1AFB944C00E50204 /* Debug */ = {
			isa = XCBuildConfiguration;
			baseConfigurationReference = 7FB9F000769A793858BD1F74 /* Pods-BugfenderSDK-iOS-swift-sample.debug.xcconfig */;
			buildSettings = {
				ASSETCATALOG_COMPILER_APPICON_NAME = AppIcon;
				CLANG_ENABLE_MODULES = YES;
				INFOPLIST_FILE = "BugfenderSDK-iOS-swift-sample/Info.plist";
				LD_RUNPATH_SEARCH_PATHS = "$(inherited) @executable_path/Frameworks";
				PRODUCT_BUNDLE_IDENTIFIER = "com.bugfender.$(PRODUCT_NAME:rfc1034identifier)";
				PRODUCT_NAME = "$(TARGET_NAME)";
				SWIFT_OBJC_BRIDGING_HEADER = "BugfenderSDK-iOS-swift-sample/BugfenderSDK-iOS-swift-sample-Bridging-Header.h";
				SWIFT_OPTIMIZATION_LEVEL = "-Onone";
			};
			name = Debug;
		};
		42F3935D1AFB944C00E50204 /* Release */ = {
			isa = XCBuildConfiguration;
			baseConfigurationReference = 0BACAFC7C5F3080A7216AE1B /* Pods-BugfenderSDK-iOS-swift-sample.release.xcconfig */;
			buildSettings = {
				ASSETCATALOG_COMPILER_APPICON_NAME = AppIcon;
				CLANG_ENABLE_MODULES = YES;
				INFOPLIST_FILE = "BugfenderSDK-iOS-swift-sample/Info.plist";
				LD_RUNPATH_SEARCH_PATHS = "$(inherited) @executable_path/Frameworks";
				PRODUCT_BUNDLE_IDENTIFIER = "com.bugfender.$(PRODUCT_NAME:rfc1034identifier)";
				PRODUCT_NAME = "$(TARGET_NAME)";
				SWIFT_OBJC_BRIDGING_HEADER = "BugfenderSDK-iOS-swift-sample/BugfenderSDK-iOS-swift-sample-Bridging-Header.h";
			};
			name = Release;
		};
		42F3935F1AFB944C00E50204 /* Debug */ = {
			isa = XCBuildConfiguration;
			buildSettings = {
				BUNDLE_LOADER = "$(TEST_HOST)";
				FRAMEWORK_SEARCH_PATHS = (
					"$(SDKROOT)/Developer/Library/Frameworks",
					"$(inherited)",
				);
				GCC_PREPROCESSOR_DEFINITIONS = (
					"DEBUG=1",
					"$(inherited)",
				);
				INFOPLIST_FILE = "BugfenderSDK-iOS-swift-sampleTests/Info.plist";
				LD_RUNPATH_SEARCH_PATHS = "$(inherited) @executable_path/Frameworks @loader_path/Frameworks";
				PRODUCT_BUNDLE_IDENTIFIER = "com.bugfender.$(PRODUCT_NAME:rfc1034identifier)";
				PRODUCT_NAME = "$(TARGET_NAME)";
				TEST_HOST = "$(BUILT_PRODUCTS_DIR)/BugfenderSDK-iOS-swift-sample.app/BugfenderSDK-iOS-swift-sample";
			};
			name = Debug;
		};
		42F393601AFB944C00E50204 /* Release */ = {
			isa = XCBuildConfiguration;
			buildSettings = {
				BUNDLE_LOADER = "$(TEST_HOST)";
				FRAMEWORK_SEARCH_PATHS = (
					"$(SDKROOT)/Developer/Library/Frameworks",
					"$(inherited)",
				);
				INFOPLIST_FILE = "BugfenderSDK-iOS-swift-sampleTests/Info.plist";
				LD_RUNPATH_SEARCH_PATHS = "$(inherited) @executable_path/Frameworks @loader_path/Frameworks";
				PRODUCT_BUNDLE_IDENTIFIER = "com.bugfender.$(PRODUCT_NAME:rfc1034identifier)";
				PRODUCT_NAME = "$(TARGET_NAME)";
				TEST_HOST = "$(BUILT_PRODUCTS_DIR)/BugfenderSDK-iOS-swift-sample.app/BugfenderSDK-iOS-swift-sample";
			};
			name = Release;
		};
/* End XCBuildConfiguration section */

/* Begin XCConfigurationList section */
		42F393371AFB944C00E50204 /* Build configuration list for PBXProject "BugfenderSDK-iOS-swift-sample" */ = {
			isa = XCConfigurationList;
			buildConfigurations = (
				42F393591AFB944C00E50204 /* Debug */,
				42F3935A1AFB944C00E50204 /* Release */,
			);
			defaultConfigurationIsVisible = 0;
			defaultConfigurationName = Release;
		};
		42F3935B1AFB944C00E50204 /* Build configuration list for PBXNativeTarget "BugfenderSDK-iOS-swift-sample" */ = {
			isa = XCConfigurationList;
			buildConfigurations = (
				42F3935C1AFB944C00E50204 /* Debug */,
				42F3935D1AFB944C00E50204 /* Release */,
			);
			defaultConfigurationIsVisible = 0;
			defaultConfigurationName = Release;
		};
		42F3935E1AFB944C00E50204 /* Build configuration list for PBXNativeTarget "BugfenderSDK-iOS-swift-sampleTests" */ = {
			isa = XCConfigurationList;
			buildConfigurations = (
				42F3935F1AFB944C00E50204 /* Debug */,
				42F393601AFB944C00E50204 /* Release */,
			);
			defaultConfigurationIsVisible = 0;
			defaultConfigurationName = Release;
		};
/* End XCConfigurationList section */
	};
	rootObject = 42F393341AFB944C00E50204 /* Project object */;
}
